// !$*UTF8*$!
{
	archiveVersion = 1;
	classes = {
	};
	objectVersion = 46;
	objects = {

/* Begin PBXBuildFile section */
		D016A92A182FD80700712C60 /* Cocoa.framework in Frameworks */ = {isa = PBXBuildFile; fileRef = D016A929182FD80700712C60 /* Cocoa.framework */; };
		D016A936182FD80700712C60 /* main.m in Sources */ = {isa = PBXBuildFile; fileRef = D016A935182FD80700712C60 /* main.m */; };
		D016A943182FD80700712C60 /* MainMenu.xib in Resources */ = {isa = PBXBuildFile; fileRef = D016A941182FD80700712C60 /* MainMenu.xib */; };
		D016A945182FD80700712C60 /* Images.xcassets in Resources */ = {isa = PBXBuildFile; fileRef = D016A944182FD80700712C60 /* Images.xcassets */; };
		D07AF4801836581E00913067 /* Batch.xib in Resources */ = {isa = PBXBuildFile; fileRef = D07AF4781836581E00913067 /* Batch.xib */; };
		D07AF4811836581E00913067 /* OptionPane.xib in Resources */ = {isa = PBXBuildFile; fileRef = D07AF47A1836581E00913067 /* OptionPane.xib */; };
		D07AF4821836581E00913067 /* Preferences.xib in Resources */ = {isa = PBXBuildFile; fileRef = D07AF47C1836581E00913067 /* Preferences.xib */; };
		D07AF4831836581E00913067 /* TidyDocument.xib in Resources */ = {isa = PBXBuildFile; fileRef = D07AF47E1836581E00913067 /* TidyDocument.xib */; };
		D07AF495183658D300913067 /* AppController.m in Sources */ = {isa = PBXBuildFile; fileRef = D07AF48C183658D300913067 /* AppController.m */; };
		D07AF496183658D300913067 /* BatchController.m in Sources */ = {isa = PBXBuildFile; fileRef = D07AF48E183658D300913067 /* BatchController.m */; };
		D07AF497183658D300913067 /* OptionPaneController.m in Sources */ = {isa = PBXBuildFile; fileRef = D07AF490183658D300913067 /* OptionPaneController.m */; };
		D07AF498183658D300913067 /* PreferenceController.m in Sources */ = {isa = PBXBuildFile; fileRef = D07AF492183658D300913067 /* PreferenceController.m */; };
		D07AF499183658D300913067 /* TidyDocument.m in Sources */ = {isa = PBXBuildFile; fileRef = D07AF494183658D300913067 /* TidyDocument.m */; };
		D07AF49F1836593A00913067 /* JSDTidy.m in Sources */ = {isa = PBXBuildFile; fileRef = D07AF49E1836593A00913067 /* JSDTidy.m */; };
		D07AF4A81836594900913067 /* JSDTableColumn.m in Sources */ = {isa = PBXBuildFile; fileRef = D07AF4A11836594900913067 /* JSDTableColumn.m */; };
		D07AF4A91836594900913067 /* JSDTableView.m in Sources */ = {isa = PBXBuildFile; fileRef = D07AF4A31836594900913067 /* JSDTableView.m */; };
		D07AF4AA1836594900913067 /* JSDTextView.m in Sources */ = {isa = PBXBuildFile; fileRef = D07AF4A51836594900913067 /* JSDTextView.m */; };
		D07AF4AB1836594900913067 /* TreeNode.m in Sources */ = {isa = PBXBuildFile; fileRef = D07AF4A71836594900913067 /* TreeNode.m */; };
		D0FD58E11839ED3B00080055 /* access.c in Sources */ = {isa = PBXBuildFile; fileRef = D0FD58B11839ED3B00080055 /* access.c */; };
		D0FD58E21839ED3B00080055 /* alloc.c in Sources */ = {isa = PBXBuildFile; fileRef = D0FD58B31839ED3B00080055 /* alloc.c */; };
		D0FD58E31839ED3B00080055 /* attrask.c in Sources */ = {isa = PBXBuildFile; fileRef = D0FD58B41839ED3B00080055 /* attrask.c */; };
		D0FD58E41839ED3B00080055 /* attrdict.c in Sources */ = {isa = PBXBuildFile; fileRef = D0FD58B51839ED3B00080055 /* attrdict.c */; };
		D0FD58E51839ED3B00080055 /* attrget.c in Sources */ = {isa = PBXBuildFile; fileRef = D0FD58B71839ED3B00080055 /* attrget.c */; };
		D0FD58E61839ED3B00080055 /* attrs.c in Sources */ = {isa = PBXBuildFile; fileRef = D0FD58B81839ED3B00080055 /* attrs.c */; };
		D0FD58E71839ED3B00080055 /* buffio.c in Sources */ = {isa = PBXBuildFile; fileRef = D0FD58BA1839ED3B00080055 /* buffio.c */; };
		D0FD58E81839ED3B00080055 /* charsets.c in Sources */ = {isa = PBXBuildFile; fileRef = D0FD58BB1839ED3B00080055 /* charsets.c */; };
		D0FD58E91839ED3B00080055 /* clean.c in Sources */ = {isa = PBXBuildFile; fileRef = D0FD58BD1839ED3B00080055 /* clean.c */; };
		D0FD58EA1839ED3B00080055 /* config.c in Sources */ = {isa = PBXBuildFile; fileRef = D0FD58BF1839ED3B00080055 /* config.c */; };
		D0FD58EB1839ED3B00080055 /* entities.c in Sources */ = {isa = PBXBuildFile; fileRef = D0FD58C11839ED3B00080055 /* entities.c */; };
		D0FD58EC1839ED3B00080055 /* fileio.c in Sources */ = {isa = PBXBuildFile; fileRef = D0FD58C31839ED3B00080055 /* fileio.c */; };
		D0FD58ED1839ED3B00080055 /* iconvtc.c in Sources */ = {isa = PBXBuildFile; fileRef = D0FD58C61839ED3B00080055 /* iconvtc.c */; };
		D0FD58EE1839ED3B00080055 /* istack.c in Sources */ = {isa = PBXBuildFile; fileRef = D0FD58C81839ED3B00080055 /* istack.c */; };
		D0FD58EF1839ED3B00080055 /* lexer.c in Sources */ = {isa = PBXBuildFile; fileRef = D0FD58C91839ED3B00080055 /* lexer.c */; };
		D0FD58F01839ED3B00080055 /* localize.c in Sources */ = {isa = PBXBuildFile; fileRef = D0FD58CB1839ED3B00080055 /* localize.c */; };
		D0FD58F11839ED3B00080055 /* mappedio.c in Sources */ = {isa = PBXBuildFile; fileRef = D0FD58CC1839ED3B00080055 /* mappedio.c */; };
		D0FD58F21839ED3B00080055 /* parser.c in Sources */ = {isa = PBXBuildFile; fileRef = D0FD58CF1839ED3B00080055 /* parser.c */; };
		D0FD58F31839ED3B00080055 /* pprint.c in Sources */ = {isa = PBXBuildFile; fileRef = D0FD58D11839ED3B00080055 /* pprint.c */; };
		D0FD58F41839ED3B00080055 /* streamio.c in Sources */ = {isa = PBXBuildFile; fileRef = D0FD58D31839ED3B00080055 /* streamio.c */; };
		D0FD58F51839ED3B00080055 /* tagask.c in Sources */ = {isa = PBXBuildFile; fileRef = D0FD58D51839ED3B00080055 /* tagask.c */; };
		D0FD58F61839ED3B00080055 /* tags.c in Sources */ = {isa = PBXBuildFile; fileRef = D0FD58D61839ED3B00080055 /* tags.c */; };
		D0FD58F71839ED3B00080055 /* tidylib.c in Sources */ = {isa = PBXBuildFile; fileRef = D0FD58D91839ED3B00080055 /* tidylib.c */; };
		D0FD58F81839ED3B00080055 /* tmbstr.c in Sources */ = {isa = PBXBuildFile; fileRef = D0FD58DA1839ED3B00080055 /* tmbstr.c */; };
		D0FD58F91839ED3B00080055 /* utf8.c in Sources */ = {isa = PBXBuildFile; fileRef = D0FD58DC1839ED3B00080055 /* utf8.c */; };
		D0FD58FA1839ED3B00080055 /* win32tc.c in Sources */ = {isa = PBXBuildFile; fileRef = D0FD58DF1839ED3B00080055 /* win32tc.c */; };
/* End PBXBuildFile section */

/* Begin PBXFileReference section */
		D016A926182FD80700712C60 /* Balthisar Tidy.app */ = {isa = PBXFileReference; explicitFileType = wrapper.application; includeInIndex = 0; path = "Balthisar Tidy.app"; sourceTree = BUILT_PRODUCTS_DIR; };
		D016A929182FD80700712C60 /* Cocoa.framework */ = {isa = PBXFileReference; lastKnownFileType = wrapper.framework; name = Cocoa.framework; path = System/Library/Frameworks/Cocoa.framework; sourceTree = SDKROOT; };
		D016A92C182FD80700712C60 /* AppKit.framework */ = {isa = PBXFileReference; lastKnownFileType = wrapper.framework; name = AppKit.framework; path = System/Library/Frameworks/AppKit.framework; sourceTree = SDKROOT; };
		D016A92D182FD80700712C60 /* CoreData.framework */ = {isa = PBXFileReference; lastKnownFileType = wrapper.framework; name = CoreData.framework; path = System/Library/Frameworks/CoreData.framework; sourceTree = SDKROOT; };
		D016A92E182FD80700712C60 /* Foundation.framework */ = {isa = PBXFileReference; lastKnownFileType = wrapper.framework; name = Foundation.framework; path = System/Library/Frameworks/Foundation.framework; sourceTree = SDKROOT; };
		D016A931182FD80700712C60 /* Balthisar Tidy-Info.plist */ = {isa = PBXFileReference; lastKnownFileType = text.plist.xml; path = "Balthisar Tidy-Info.plist"; sourceTree = "<group>"; };
		D016A935182FD80700712C60 /* main.m */ = {isa = PBXFileReference; lastKnownFileType = sourcecode.c.objc; path = main.m; sourceTree = "<group>"; };
		D016A937182FD80700712C60 /* Balthisar Tidy-Prefix.pch */ = {isa = PBXFileReference; lastKnownFileType = sourcecode.c.h; path = "Balthisar Tidy-Prefix.pch"; sourceTree = "<group>"; };
		D016A942182FD80700712C60 /* Base */ = {isa = PBXFileReference; lastKnownFileType = file.xib; name = Base; path = Base.lproj/MainMenu.xib; sourceTree = "<group>"; };
		D016A944182FD80700712C60 /* Images.xcassets */ = {isa = PBXFileReference; lastKnownFileType = folder.assetcatalog; path = Images.xcassets; sourceTree = "<group>"; };
		D016A94B182FD80700712C60 /* XCTest.framework */ = {isa = PBXFileReference; lastKnownFileType = wrapper.framework; name = XCTest.framework; path = Library/Frameworks/XCTest.framework; sourceTree = DEVELOPER_DIR; };
		D026169E1836F48A002ABD72 /* Balthisar Tidy.entitlements */ = {isa = PBXFileReference; lastKnownFileType = text.xml; path = "Balthisar Tidy.entitlements"; sourceTree = "<group>"; };
		D07AF4791836581E00913067 /* Base */ = {isa = PBXFileReference; lastKnownFileType = file.xib; name = Base; path = Base.lproj/Batch.xib; sourceTree = "<group>"; };
		D07AF47B1836581E00913067 /* Base */ = {isa = PBXFileReference; lastKnownFileType = file.xib; name = Base; path = Base.lproj/OptionPane.xib; sourceTree = "<group>"; };
		D07AF47D1836581E00913067 /* Base */ = {isa = PBXFileReference; lastKnownFileType = file.xib; name = Base; path = Base.lproj/Preferences.xib; sourceTree = "<group>"; };
		D07AF47F1836581E00913067 /* Base */ = {isa = PBXFileReference; lastKnownFileType = file.xib; name = Base; path = Base.lproj/TidyDocument.xib; sourceTree = "<group>"; };
		D07AF48B183658D300913067 /* AppController.h */ = {isa = PBXFileReference; fileEncoding = 4; lastKnownFileType = sourcecode.c.h; path = AppController.h; sourceTree = "<group>"; };
		D07AF48C183658D300913067 /* AppController.m */ = {isa = PBXFileReference; fileEncoding = 4; lastKnownFileType = sourcecode.c.objc; path = AppController.m; sourceTree = "<group>"; };
		D07AF48D183658D300913067 /* BatchController.h */ = {isa = PBXFileReference; fileEncoding = 4; lastKnownFileType = sourcecode.c.h; path = BatchController.h; sourceTree = "<group>"; };
		D07AF48E183658D300913067 /* BatchController.m */ = {isa = PBXFileReference; fileEncoding = 4; lastKnownFileType = sourcecode.c.objc; path = BatchController.m; sourceTree = "<group>"; };
		D07AF48F183658D300913067 /* OptionPaneController.h */ = {isa = PBXFileReference; fileEncoding = 4; lastKnownFileType = sourcecode.c.h; path = OptionPaneController.h; sourceTree = "<group>"; };
		D07AF490183658D300913067 /* OptionPaneController.m */ = {isa = PBXFileReference; fileEncoding = 4; lastKnownFileType = sourcecode.c.objc; path = OptionPaneController.m; sourceTree = "<group>"; };
		D07AF491183658D300913067 /* PreferenceController.h */ = {isa = PBXFileReference; fileEncoding = 4; lastKnownFileType = sourcecode.c.h; path = PreferenceController.h; sourceTree = "<group>"; };
		D07AF492183658D300913067 /* PreferenceController.m */ = {isa = PBXFileReference; fileEncoding = 4; lastKnownFileType = sourcecode.c.objc; path = PreferenceController.m; sourceTree = "<group>"; };
		D07AF493183658D300913067 /* TidyDocument.h */ = {isa = PBXFileReference; fileEncoding = 4; lastKnownFileType = sourcecode.c.h; path = TidyDocument.h; sourceTree = "<group>"; };
		D07AF494183658D300913067 /* TidyDocument.m */ = {isa = PBXFileReference; fileEncoding = 4; lastKnownFileType = sourcecode.c.objc; path = TidyDocument.m; sourceTree = "<group>"; };
		D07AF49D1836593900913067 /* JSDTidy.h */ = {isa = PBXFileReference; fileEncoding = 4; lastKnownFileType = sourcecode.c.h; name = JSDTidy.h; path = Classes/JSDTidy/JSDTidy.h; sourceTree = "<group>"; };
		D07AF49E1836593A00913067 /* JSDTidy.m */ = {isa = PBXFileReference; fileEncoding = 4; lastKnownFileType = sourcecode.c.objc; name = JSDTidy.m; path = Classes/JSDTidy/JSDTidy.m; sourceTree = "<group>"; };
		D07AF4A01836594900913067 /* JSDTableColumn.h */ = {isa = PBXFileReference; fileEncoding = 4; lastKnownFileType = sourcecode.c.h; name = JSDTableColumn.h; path = "Classes/Support Pieces/JSDTableColumn.h"; sourceTree = "<group>"; };
		D07AF4A11836594900913067 /* JSDTableColumn.m */ = {isa = PBXFileReference; fileEncoding = 4; lastKnownFileType = sourcecode.c.objc; name = JSDTableColumn.m; path = "Classes/Support Pieces/JSDTableColumn.m"; sourceTree = "<group>"; };
		D07AF4A21836594900913067 /* JSDTableView.h */ = {isa = PBXFileReference; fileEncoding = 4; lastKnownFileType = sourcecode.c.h; name = JSDTableView.h; path = "Classes/Support Pieces/JSDTableView.h"; sourceTree = "<group>"; };
		D07AF4A31836594900913067 /* JSDTableView.m */ = {isa = PBXFileReference; fileEncoding = 4; lastKnownFileType = sourcecode.c.objc; name = JSDTableView.m; path = "Classes/Support Pieces/JSDTableView.m"; sourceTree = "<group>"; };
		D07AF4A41836594900913067 /* JSDTextView.h */ = {isa = PBXFileReference; fileEncoding = 4; lastKnownFileType = sourcecode.c.h; name = JSDTextView.h; path = "Classes/Support Pieces/JSDTextView.h"; sourceTree = "<group>"; };
		D07AF4A51836594900913067 /* JSDTextView.m */ = {isa = PBXFileReference; fileEncoding = 4; lastKnownFileType = sourcecode.c.objc; name = JSDTextView.m; path = "Classes/Support Pieces/JSDTextView.m"; sourceTree = "<group>"; };
		D07AF4A61836594900913067 /* TreeNode.h */ = {isa = PBXFileReference; fileEncoding = 4; lastKnownFileType = sourcecode.c.h; name = TreeNode.h; path = "Classes/Support Pieces/TreeNode.h"; sourceTree = "<group>"; };
		D07AF4A71836594900913067 /* TreeNode.m */ = {isa = PBXFileReference; fileEncoding = 4; lastKnownFileType = sourcecode.c.objc; name = TreeNode.m; path = "Classes/Support Pieces/TreeNode.m"; sourceTree = "<group>"; };
		D0FD58AD1839ED2C00080055 /* buffio.h */ = {isa = PBXFileReference; fileEncoding = 4; lastKnownFileType = sourcecode.c.h; name = buffio.h; path = "balthisar tidy/tidylib-src/include/buffio.h"; sourceTree = SOURCE_ROOT; };
		D0FD58AE1839ED2C00080055 /* platform.h */ = {isa = PBXFileReference; fileEncoding = 4; lastKnownFileType = sourcecode.c.h; name = platform.h; path = "balthisar tidy/tidylib-src/include/platform.h"; sourceTree = SOURCE_ROOT; };
		D0FD58AF1839ED2C00080055 /* tidy.h */ = {isa = PBXFileReference; fileEncoding = 4; lastKnownFileType = sourcecode.c.h; name = tidy.h; path = "balthisar tidy/tidylib-src/include/tidy.h"; sourceTree = SOURCE_ROOT; };
		D0FD58B01839ED2C00080055 /* tidyenum.h */ = {isa = PBXFileReference; fileEncoding = 4; lastKnownFileType = sourcecode.c.h; name = tidyenum.h; path = "balthisar tidy/tidylib-src/include/tidyenum.h"; sourceTree = SOURCE_ROOT; };
		D0FD58B11839ED3B00080055 /* access.c */ = {isa = PBXFileReference; fileEncoding = 4; lastKnownFileType = sourcecode.c.c; name = access.c; path = "balthisar tidy/tidylib-src/src/access.c"; sourceTree = SOURCE_ROOT; };
		D0FD58B21839ED3B00080055 /* access.h */ = {isa = PBXFileReference; fileEncoding = 4; lastKnownFileType = sourcecode.c.h; name = access.h; path = "balthisar tidy/tidylib-src/src/access.h"; sourceTree = SOURCE_ROOT; };
		D0FD58B31839ED3B00080055 /* alloc.c */ = {isa = PBXFileReference; fileEncoding = 4; lastKnownFileType = sourcecode.c.c; name = alloc.c; path = "balthisar tidy/tidylib-src/src/alloc.c"; sourceTree = SOURCE_ROOT; };
		D0FD58B41839ED3B00080055 /* attrask.c */ = {isa = PBXFileReference; fileEncoding = 4; lastKnownFileType = sourcecode.c.c; name = attrask.c; path = "balthisar tidy/tidylib-src/src/attrask.c"; sourceTree = SOURCE_ROOT; };
		D0FD58B51839ED3B00080055 /* attrdict.c */ = {isa = PBXFileReference; fileEncoding = 4; lastKnownFileType = sourcecode.c.c; name = attrdict.c; path = "balthisar tidy/tidylib-src/src/attrdict.c"; sourceTree = SOURCE_ROOT; };
		D0FD58B61839ED3B00080055 /* attrdict.h */ = {isa = PBXFileReference; fileEncoding = 4; lastKnownFileType = sourcecode.c.h; name = attrdict.h; path = "balthisar tidy/tidylib-src/src/attrdict.h"; sourceTree = SOURCE_ROOT; };
		D0FD58B71839ED3B00080055 /* attrget.c */ = {isa = PBXFileReference; fileEncoding = 4; lastKnownFileType = sourcecode.c.c; name = attrget.c; path = "balthisar tidy/tidylib-src/src/attrget.c"; sourceTree = SOURCE_ROOT; };
		D0FD58B81839ED3B00080055 /* attrs.c */ = {isa = PBXFileReference; fileEncoding = 4; lastKnownFileType = sourcecode.c.c; name = attrs.c; path = "balthisar tidy/tidylib-src/src/attrs.c"; sourceTree = SOURCE_ROOT; };
		D0FD58B91839ED3B00080055 /* attrs.h */ = {isa = PBXFileReference; fileEncoding = 4; lastKnownFileType = sourcecode.c.h; name = attrs.h; path = "balthisar tidy/tidylib-src/src/attrs.h"; sourceTree = SOURCE_ROOT; };
		D0FD58BA1839ED3B00080055 /* buffio.c */ = {isa = PBXFileReference; fileEncoding = 4; lastKnownFileType = sourcecode.c.c; name = buffio.c; path = "balthisar tidy/tidylib-src/src/buffio.c"; sourceTree = SOURCE_ROOT; };
		D0FD58BB1839ED3B00080055 /* charsets.c */ = {isa = PBXFileReference; fileEncoding = 4; lastKnownFileType = sourcecode.c.c; name = charsets.c; path = "balthisar tidy/tidylib-src/src/charsets.c"; sourceTree = SOURCE_ROOT; };
		D0FD58BC1839ED3B00080055 /* charsets.h */ = {isa = PBXFileReference; fileEncoding = 4; lastKnownFileType = sourcecode.c.h; name = charsets.h; path = "balthisar tidy/tidylib-src/src/charsets.h"; sourceTree = SOURCE_ROOT; };
		D0FD58BD1839ED3B00080055 /* clean.c */ = {isa = PBXFileReference; fileEncoding = 4; lastKnownFileType = sourcecode.c.c; name = clean.c; path = "balthisar tidy/tidylib-src/src/clean.c"; sourceTree = SOURCE_ROOT; };
		D0FD58BE1839ED3B00080055 /* clean.h */ = {isa = PBXFileReference; fileEncoding = 4; lastKnownFileType = sourcecode.c.h; name = clean.h; path = "balthisar tidy/tidylib-src/src/clean.h"; sourceTree = SOURCE_ROOT; };
		D0FD58BF1839ED3B00080055 /* config.c */ = {isa = PBXFileReference; fileEncoding = 4; lastKnownFileType = sourcecode.c.c; name = config.c; path = "balthisar tidy/tidylib-src/src/config.c"; sourceTree = SOURCE_ROOT; };
		D0FD58C01839ED3B00080055 /* config.h */ = {isa = PBXFileReference; fileEncoding = 4; lastKnownFileType = sourcecode.c.h; name = config.h; path = "balthisar tidy/tidylib-src/src/config.h"; sourceTree = SOURCE_ROOT; };
		D0FD58C11839ED3B00080055 /* entities.c */ = {isa = PBXFileReference; fileEncoding = 4; lastKnownFileType = sourcecode.c.c; name = entities.c; path = "balthisar tidy/tidylib-src/src/entities.c"; sourceTree = SOURCE_ROOT; };
		D0FD58C21839ED3B00080055 /* entities.h */ = {isa = PBXFileReference; fileEncoding = 4; lastKnownFileType = sourcecode.c.h; name = entities.h; path = "balthisar tidy/tidylib-src/src/entities.h"; sourceTree = SOURCE_ROOT; };
		D0FD58C31839ED3B00080055 /* fileio.c */ = {isa = PBXFileReference; fileEncoding = 4; lastKnownFileType = sourcecode.c.c; name = fileio.c; path = "balthisar tidy/tidylib-src/src/fileio.c"; sourceTree = SOURCE_ROOT; };
		D0FD58C41839ED3B00080055 /* fileio.h */ = {isa = PBXFileReference; fileEncoding = 4; lastKnownFileType = sourcecode.c.h; name = fileio.h; path = "balthisar tidy/tidylib-src/src/fileio.h"; sourceTree = SOURCE_ROOT; };
		D0FD58C51839ED3B00080055 /* forward.h */ = {isa = PBXFileReference; fileEncoding = 4; lastKnownFileType = sourcecode.c.h; name = forward.h; path = "balthisar tidy/tidylib-src/src/forward.h"; sourceTree = SOURCE_ROOT; };
		D0FD58C61839ED3B00080055 /* iconvtc.c */ = {isa = PBXFileReference; fileEncoding = 4; lastKnownFileType = sourcecode.c.c; name = iconvtc.c; path = "balthisar tidy/tidylib-src/src/iconvtc.c"; sourceTree = SOURCE_ROOT; };
		D0FD58C71839ED3B00080055 /* iconvtc.h */ = {isa = PBXFileReference; fileEncoding = 4; lastKnownFileType = sourcecode.c.h; name = iconvtc.h; path = "balthisar tidy/tidylib-src/src/iconvtc.h"; sourceTree = SOURCE_ROOT; };
		D0FD58C81839ED3B00080055 /* istack.c */ = {isa = PBXFileReference; fileEncoding = 4; lastKnownFileType = sourcecode.c.c; name = istack.c; path = "balthisar tidy/tidylib-src/src/istack.c"; sourceTree = SOURCE_ROOT; };
		D0FD58C91839ED3B00080055 /* lexer.c */ = {isa = PBXFileReference; fileEncoding = 4; lastKnownFileType = sourcecode.c.c; name = lexer.c; path = "balthisar tidy/tidylib-src/src/lexer.c"; sourceTree = SOURCE_ROOT; };
		D0FD58CA1839ED3B00080055 /* lexer.h */ = {isa = PBXFileReference; fileEncoding = 4; lastKnownFileType = sourcecode.c.h; name = lexer.h; path = "balthisar tidy/tidylib-src/src/lexer.h"; sourceTree = SOURCE_ROOT; };
		D0FD58CB1839ED3B00080055 /* localize.c */ = {isa = PBXFileReference; fileEncoding = 4; lastKnownFileType = sourcecode.c.c; name = localize.c; path = "balthisar tidy/tidylib-src/src/localize.c"; sourceTree = SOURCE_ROOT; };
		D0FD58CC1839ED3B00080055 /* mappedio.c */ = {isa = PBXFileReference; fileEncoding = 4; lastKnownFileType = sourcecode.c.c; name = mappedio.c; path = "balthisar tidy/tidylib-src/src/mappedio.c"; sourceTree = SOURCE_ROOT; };
		D0FD58CD1839ED3B00080055 /* mappedio.h */ = {isa = PBXFileReference; fileEncoding = 4; lastKnownFileType = sourcecode.c.h; name = mappedio.h; path = "balthisar tidy/tidylib-src/src/mappedio.h"; sourceTree = SOURCE_ROOT; };
		D0FD58CE1839ED3B00080055 /* message.h */ = {isa = PBXFileReference; fileEncoding = 4; lastKnownFileType = sourcecode.c.h; name = message.h; path = "balthisar tidy/tidylib-src/src/message.h"; sourceTree = SOURCE_ROOT; };
		D0FD58CF1839ED3B00080055 /* parser.c */ = {isa = PBXFileReference; fileEncoding = 4; lastKnownFileType = sourcecode.c.c; name = parser.c; path = "balthisar tidy/tidylib-src/src/parser.c"; sourceTree = SOURCE_ROOT; };
		D0FD58D01839ED3B00080055 /* parser.h */ = {isa = PBXFileReference; fileEncoding = 4; lastKnownFileType = sourcecode.c.h; name = parser.h; path = "balthisar tidy/tidylib-src/src/parser.h"; sourceTree = SOURCE_ROOT; };
		D0FD58D11839ED3B00080055 /* pprint.c */ = {isa = PBXFileReference; fileEncoding = 4; lastKnownFileType = sourcecode.c.c; name = pprint.c; path = "balthisar tidy/tidylib-src/src/pprint.c"; sourceTree = SOURCE_ROOT; };
		D0FD58D21839ED3B00080055 /* pprint.h */ = {isa = PBXFileReference; fileEncoding = 4; lastKnownFileType = sourcecode.c.h; name = pprint.h; path = "balthisar tidy/tidylib-src/src/pprint.h"; sourceTree = SOURCE_ROOT; };
		D0FD58D31839ED3B00080055 /* streamio.c */ = {isa = PBXFileReference; fileEncoding = 4; lastKnownFileType = sourcecode.c.c; name = streamio.c; path = "balthisar tidy/tidylib-src/src/streamio.c"; sourceTree = SOURCE_ROOT; };
		D0FD58D41839ED3B00080055 /* streamio.h */ = {isa = PBXFileReference; fileEncoding = 4; lastKnownFileType = sourcecode.c.h; name = streamio.h; path = "balthisar tidy/tidylib-src/src/streamio.h"; sourceTree = SOURCE_ROOT; };
		D0FD58D51839ED3B00080055 /* tagask.c */ = {isa = PBXFileReference; fileEncoding = 4; lastKnownFileType = sourcecode.c.c; name = tagask.c; path = "balthisar tidy/tidylib-src/src/tagask.c"; sourceTree = SOURCE_ROOT; };
		D0FD58D61839ED3B00080055 /* tags.c */ = {isa = PBXFileReference; fileEncoding = 4; lastKnownFileType = sourcecode.c.c; name = tags.c; path = "balthisar tidy/tidylib-src/src/tags.c"; sourceTree = SOURCE_ROOT; };
		D0FD58D71839ED3B00080055 /* tags.h */ = {isa = PBXFileReference; fileEncoding = 4; lastKnownFileType = sourcecode.c.h; name = tags.h; path = "balthisar tidy/tidylib-src/src/tags.h"; sourceTree = SOURCE_ROOT; };
		D0FD58D81839ED3B00080055 /* tidy-int.h */ = {isa = PBXFileReference; fileEncoding = 4; lastKnownFileType = sourcecode.c.h; name = "tidy-int.h"; path = "balthisar tidy/tidylib-src/src/tidy-int.h"; sourceTree = SOURCE_ROOT; };
		D0FD58D91839ED3B00080055 /* tidylib.c */ = {isa = PBXFileReference; fileEncoding = 4; lastKnownFileType = sourcecode.c.c; name = tidylib.c; path = "balthisar tidy/tidylib-src/src/tidylib.c"; sourceTree = SOURCE_ROOT; };
		D0FD58DA1839ED3B00080055 /* tmbstr.c */ = {isa = PBXFileReference; fileEncoding = 4; lastKnownFileType = sourcecode.c.c; name = tmbstr.c; path = "balthisar tidy/tidylib-src/src/tmbstr.c"; sourceTree = SOURCE_ROOT; };
		D0FD58DB1839ED3B00080055 /* tmbstr.h */ = {isa = PBXFileReference; fileEncoding = 4; lastKnownFileType = sourcecode.c.h; name = tmbstr.h; path = "balthisar tidy/tidylib-src/src/tmbstr.h"; sourceTree = SOURCE_ROOT; };
		D0FD58DC1839ED3B00080055 /* utf8.c */ = {isa = PBXFileReference; fileEncoding = 4; lastKnownFileType = sourcecode.c.c; name = utf8.c; path = "balthisar tidy/tidylib-src/src/utf8.c"; sourceTree = SOURCE_ROOT; };
		D0FD58DD1839ED3B00080055 /* utf8.h */ = {isa = PBXFileReference; fileEncoding = 4; lastKnownFileType = sourcecode.c.h; name = utf8.h; path = "balthisar tidy/tidylib-src/src/utf8.h"; sourceTree = SOURCE_ROOT; };
		D0FD58DE1839ED3B00080055 /* version.h */ = {isa = PBXFileReference; fileEncoding = 4; lastKnownFileType = sourcecode.c.h; name = version.h; path = "balthisar tidy/tidylib-src/src/version.h"; sourceTree = SOURCE_ROOT; };
		D0FD58DF1839ED3B00080055 /* win32tc.c */ = {isa = PBXFileReference; fileEncoding = 4; lastKnownFileType = sourcecode.c.c; name = win32tc.c; path = "balthisar tidy/tidylib-src/src/win32tc.c"; sourceTree = SOURCE_ROOT; };
		D0FD58E01839ED3B00080055 /* win32tc.h */ = {isa = PBXFileReference; fileEncoding = 4; lastKnownFileType = sourcecode.c.h; name = win32tc.h; path = "balthisar tidy/tidylib-src/src/win32tc.h"; sourceTree = SOURCE_ROOT; };
/* End PBXFileReference section */

/* Begin PBXFrameworksBuildPhase section */
		D016A923182FD80700712C60 /* Frameworks */ = {
			isa = PBXFrameworksBuildPhase;
			buildActionMask = 2147483647;
			files = (
				D016A92A182FD80700712C60 /* Cocoa.framework in Frameworks */,
			);
			runOnlyForDeploymentPostprocessing = 0;
		};
/* End PBXFrameworksBuildPhase section */

/* Begin PBXGroup section */
		D016A91D182FD80700712C60 = {
			isa = PBXGroup;
			children = (
				D016A92F182FD80700712C60 /* Balthisar Tidy */,
				D016A928182FD80700712C60 /* Frameworks */,
				D016A927182FD80700712C60 /* Products */,
			);
			sourceTree = "<group>";
		};
		D016A927182FD80700712C60 /* Products */ = {
			isa = PBXGroup;
			children = (
				D016A926182FD80700712C60 /* Balthisar Tidy.app */,
			);
			name = Products;
			sourceTree = "<group>";
		};
		D016A928182FD80700712C60 /* Frameworks */ = {
			isa = PBXGroup;
			children = (
				D016A929182FD80700712C60 /* Cocoa.framework */,
				D016A94B182FD80700712C60 /* XCTest.framework */,
				D016A92B182FD80700712C60 /* Other Frameworks */,
			);
			name = Frameworks;
			sourceTree = "<group>";
		};
		D016A92B182FD80700712C60 /* Other Frameworks */ = {
			isa = PBXGroup;
			children = (
				D016A92C182FD80700712C60 /* AppKit.framework */,
				D016A92D182FD80700712C60 /* CoreData.framework */,
				D016A92E182FD80700712C60 /* Foundation.framework */,
			);
			name = "Other Frameworks";
			sourceTree = "<group>";
		};
		D016A92F182FD80700712C60 /* Balthisar Tidy */ = {
			isa = PBXGroup;
			children = (
				D026169F1836F927002ABD72 /* Classes */,
				D07AF4AC1836596E00913067 /* tidylib-src */,
				D07AF49A183658F100913067 /* Base.lproj */,
				D016A944182FD80700712C60 /* Images.xcassets */,
				D026169E1836F48A002ABD72 /* Balthisar Tidy.entitlements */,
				D016A931182FD80700712C60 /* Balthisar Tidy-Info.plist */,
				D016A937182FD80700712C60 /* Balthisar Tidy-Prefix.pch */,
				D016A935182FD80700712C60 /* main.m */,
			);
			path = "Balthisar Tidy";
			sourceTree = SOURCE_ROOT;
		};
		D026169F1836F927002ABD72 /* Classes */ = {
			isa = PBXGroup;
			children = (
				D07AF48A183658D300913067 /* App Pieces */,
				D07AF49B1836591400913067 /* JSDTidy */,
				D07AF49C1836592300913067 /* Support Pieces */,
			);
			name = Classes;
			sourceTree = "<group>";
		};
		D07AF48A183658D300913067 /* App Pieces */ = {
			isa = PBXGroup;
			children = (
				D07AF48B183658D300913067 /* AppController.h */,
				D07AF48C183658D300913067 /* AppController.m */,
				D07AF48D183658D300913067 /* BatchController.h */,
				D07AF48E183658D300913067 /* BatchController.m */,
				D07AF48F183658D300913067 /* OptionPaneController.h */,
				D07AF490183658D300913067 /* OptionPaneController.m */,
				D07AF491183658D300913067 /* PreferenceController.h */,
				D07AF492183658D300913067 /* PreferenceController.m */,
				D07AF493183658D300913067 /* TidyDocument.h */,
				D07AF494183658D300913067 /* TidyDocument.m */,
			);
			name = "App Pieces";
			path = "Classes/App Pieces";
			sourceTree = "<group>";
		};
		D07AF49A183658F100913067 /* Base.lproj */ = {
			isa = PBXGroup;
			children = (
				D07AF4781836581E00913067 /* Batch.xib */,
				D016A941182FD80700712C60 /* MainMenu.xib */,
				D07AF47A1836581E00913067 /* OptionPane.xib */,
				D07AF47C1836581E00913067 /* Preferences.xib */,
				D07AF47E1836581E00913067 /* TidyDocument.xib */,
			);
			name = Base.lproj;
			sourceTree = "<group>";
		};
		D07AF49B1836591400913067 /* JSDTidy */ = {
			isa = PBXGroup;
			children = (
				D07AF49D1836593900913067 /* JSDTidy.h */,
				D07AF49E1836593A00913067 /* JSDTidy.m */,
			);
			name = JSDTidy;
			sourceTree = "<group>";
		};
		D07AF49C1836592300913067 /* Support Pieces */ = {
			isa = PBXGroup;
			children = (
				D07AF4A01836594900913067 /* JSDTableColumn.h */,
				D07AF4A11836594900913067 /* JSDTableColumn.m */,
				D07AF4A21836594900913067 /* JSDTableView.h */,
				D07AF4A31836594900913067 /* JSDTableView.m */,
				D07AF4A41836594900913067 /* JSDTextView.h */,
				D07AF4A51836594900913067 /* JSDTextView.m */,
				D07AF4A61836594900913067 /* TreeNode.h */,
				D07AF4A71836594900913067 /* TreeNode.m */,
			);
			name = "Support Pieces";
			sourceTree = "<group>";
		};
		D07AF4AC1836596E00913067 /* tidylib-src */ = {
			isa = PBXGroup;
			children = (
				D07AF4C71836596F00913067 /* include */,
				D07AF4CD1836596F00913067 /* src */,
			);
			path = "tidylib-src";
			sourceTree = "<group>";
		};
		D07AF4C71836596F00913067 /* include */ = {
			isa = PBXGroup;
			children = (
				D0FD58AD1839ED2C00080055 /* buffio.h */,
				D0FD58AE1839ED2C00080055 /* platform.h */,
				D0FD58AF1839ED2C00080055 /* tidy.h */,
				D0FD58B01839ED2C00080055 /* tidyenum.h */,
			);
			path = include;
			sourceTree = "<group>";
		};
		D07AF4CD1836596F00913067 /* src */ = {
			isa = PBXGroup;
			children = (
				D0FD58B11839ED3B00080055 /* access.c */,
				D0FD58B21839ED3B00080055 /* access.h */,
				D0FD58B31839ED3B00080055 /* alloc.c */,
				D0FD58B41839ED3B00080055 /* attrask.c */,
				D0FD58B51839ED3B00080055 /* attrdict.c */,
				D0FD58B61839ED3B00080055 /* attrdict.h */,
				D0FD58B71839ED3B00080055 /* attrget.c */,
				D0FD58B81839ED3B00080055 /* attrs.c */,
				D0FD58B91839ED3B00080055 /* attrs.h */,
				D0FD58BA1839ED3B00080055 /* buffio.c */,
				D0FD58BB1839ED3B00080055 /* charsets.c */,
				D0FD58BC1839ED3B00080055 /* charsets.h */,
				D0FD58BD1839ED3B00080055 /* clean.c */,
				D0FD58BE1839ED3B00080055 /* clean.h */,
				D0FD58BF1839ED3B00080055 /* config.c */,
				D0FD58C01839ED3B00080055 /* config.h */,
				D0FD58C11839ED3B00080055 /* entities.c */,
				D0FD58C21839ED3B00080055 /* entities.h */,
				D0FD58C31839ED3B00080055 /* fileio.c */,
				D0FD58C41839ED3B00080055 /* fileio.h */,
				D0FD58C51839ED3B00080055 /* forward.h */,
				D0FD58C61839ED3B00080055 /* iconvtc.c */,
				D0FD58C71839ED3B00080055 /* iconvtc.h */,
				D0FD58C81839ED3B00080055 /* istack.c */,
				D0FD58C91839ED3B00080055 /* lexer.c */,
				D0FD58CA1839ED3B00080055 /* lexer.h */,
				D0FD58CB1839ED3B00080055 /* localize.c */,
				D0FD58CC1839ED3B00080055 /* mappedio.c */,
				D0FD58CD1839ED3B00080055 /* mappedio.h */,
				D0FD58CE1839ED3B00080055 /* message.h */,
				D0FD58CF1839ED3B00080055 /* parser.c */,
				D0FD58D01839ED3B00080055 /* parser.h */,
				D0FD58D11839ED3B00080055 /* pprint.c */,
				D0FD58D21839ED3B00080055 /* pprint.h */,
				D0FD58D31839ED3B00080055 /* streamio.c */,
				D0FD58D41839ED3B00080055 /* streamio.h */,
				D0FD58D51839ED3B00080055 /* tagask.c */,
				D0FD58D61839ED3B00080055 /* tags.c */,
				D0FD58D71839ED3B00080055 /* tags.h */,
				D0FD58D81839ED3B00080055 /* tidy-int.h */,
				D0FD58D91839ED3B00080055 /* tidylib.c */,
				D0FD58DA1839ED3B00080055 /* tmbstr.c */,
				D0FD58DB1839ED3B00080055 /* tmbstr.h */,
				D0FD58DC1839ED3B00080055 /* utf8.c */,
				D0FD58DD1839ED3B00080055 /* utf8.h */,
				D0FD58DE1839ED3B00080055 /* version.h */,
				D0FD58DF1839ED3B00080055 /* win32tc.c */,
				D0FD58E01839ED3B00080055 /* win32tc.h */,
			);
			path = src;
			sourceTree = "<group>";
		};
/* End PBXGroup section */

/* Begin PBXNativeTarget section */
		D016A925182FD80700712C60 /* Balthisar Tidy */ = {
			isa = PBXNativeTarget;
			buildConfigurationList = D016A95A182FD80700712C60 /* Build configuration list for PBXNativeTarget "Balthisar Tidy" */;
			buildPhases = (
				D016A922182FD80700712C60 /* Sources */,
				D016A923182FD80700712C60 /* Frameworks */,
				D016A924182FD80700712C60 /* Resources */,
			);
			buildRules = (
			);
			dependencies = (
			);
			name = "Balthisar Tidy";
			productName = "Balthisar Tidy";
			productReference = D016A926182FD80700712C60 /* Balthisar Tidy.app */;
			productType = "com.apple.product-type.application";
		};
/* End PBXNativeTarget section */

/* Begin PBXProject section */
		D016A91E182FD80700712C60 /* Project object */ = {
			isa = PBXProject;
			attributes = {
				LastUpgradeCheck = 0500;
				ORGANIZATIONNAME = "Jim Derry";
				TargetAttributes = {
					D016A925182FD80700712C60 = {
						SystemCapabilities = {
							com.apple.Sandbox = {
								enabled = 1;
							};
						};
					};
				};
			};
			buildConfigurationList = D016A921182FD80700712C60 /* Build configuration list for PBXProject "Balthisar Tidy" */;
			compatibilityVersion = "Xcode 3.2";
			developmentRegion = English;
			hasScannedForEncodings = 0;
			knownRegions = (
				en,
				Base,
			);
			mainGroup = D016A91D182FD80700712C60;
			productRefGroup = D016A927182FD80700712C60 /* Products */;
			projectDirPath = "";
			projectRoot = "";
			targets = (
				D016A925182FD80700712C60 /* Balthisar Tidy */,
			);
		};
/* End PBXProject section */

/* Begin PBXResourcesBuildPhase section */
		D016A924182FD80700712C60 /* Resources */ = {
			isa = PBXResourcesBuildPhase;
			buildActionMask = 2147483647;
			files = (
				D07AF4801836581E00913067 /* Batch.xib in Resources */,
				D016A945182FD80700712C60 /* Images.xcassets in Resources */,
				D07AF4831836581E00913067 /* TidyDocument.xib in Resources */,
				D07AF4811836581E00913067 /* OptionPane.xib in Resources */,
				D07AF4821836581E00913067 /* Preferences.xib in Resources */,
				D016A943182FD80700712C60 /* MainMenu.xib in Resources */,
			);
			runOnlyForDeploymentPostprocessing = 0;
		};
/* End PBXResourcesBuildPhase section */

/* Begin PBXSourcesBuildPhase section */
		D016A922182FD80700712C60 /* Sources */ = {
			isa = PBXSourcesBuildPhase;
			buildActionMask = 2147483647;
			files = (
				D07AF49F1836593A00913067 /* JSDTidy.m in Sources */,
				D07AF499183658D300913067 /* TidyDocument.m in Sources */,
				D0FD58E21839ED3B00080055 /* alloc.c in Sources */,
				D0FD58E41839ED3B00080055 /* attrdict.c in Sources */,
				D07AF4A81836594900913067 /* JSDTableColumn.m in Sources */,
				D0FD58F61839ED3B00080055 /* tags.c in Sources */,
				D0FD58F91839ED3B00080055 /* utf8.c in Sources */,
				D0FD58EE1839ED3B00080055 /* istack.c in Sources */,
				D0FD58E51839ED3B00080055 /* attrget.c in Sources */,
				D0FD58E81839ED3B00080055 /* charsets.c in Sources */,
				D0FD58F31839ED3B00080055 /* pprint.c in Sources */,
				D07AF4AA1836594900913067 /* JSDTextView.m in Sources */,
				D0FD58ED1839ED3B00080055 /* iconvtc.c in Sources */,
				D07AF4A91836594900913067 /* JSDTableView.m in Sources */,
				D0FD58EC1839ED3B00080055 /* fileio.c in Sources */,
				D07AF4AB1836594900913067 /* TreeNode.m in Sources */,
				D016A936182FD80700712C60 /* main.m in Sources */,
				D0FD58F01839ED3B00080055 /* localize.c in Sources */,
				D0FD58E61839ED3B00080055 /* attrs.c in Sources */,
				D0FD58FA1839ED3B00080055 /* win32tc.c in Sources */,
				D0FD58E31839ED3B00080055 /* attrask.c in Sources */,
				D07AF495183658D300913067 /* AppController.m in Sources */,
				D07AF498183658D300913067 /* PreferenceController.m in Sources */,
				D0FD58F51839ED3B00080055 /* tagask.c in Sources */,
				D0FD58E91839ED3B00080055 /* clean.c in Sources */,
				D0FD58F71839ED3B00080055 /* tidylib.c in Sources */,
				D0FD58F21839ED3B00080055 /* parser.c in Sources */,
				D0FD58EA1839ED3B00080055 /* config.c in Sources */,
				D0FD58EF1839ED3B00080055 /* lexer.c in Sources */,
				D0FD58F11839ED3B00080055 /* mappedio.c in Sources */,
				D0FD58E71839ED3B00080055 /* buffio.c in Sources */,
				D0FD58EB1839ED3B00080055 /* entities.c in Sources */,
				D07AF497183658D300913067 /* OptionPaneController.m in Sources */,
				D07AF496183658D300913067 /* BatchController.m in Sources */,
				D0FD58F41839ED3B00080055 /* streamio.c in Sources */,
				D0FD58F81839ED3B00080055 /* tmbstr.c in Sources */,
				D0FD58E11839ED3B00080055 /* access.c in Sources */,
			);
			runOnlyForDeploymentPostprocessing = 0;
		};
/* End PBXSourcesBuildPhase section */

/* Begin PBXVariantGroup section */
		D016A941182FD80700712C60 /* MainMenu.xib */ = {
			isa = PBXVariantGroup;
			children = (
				D016A942182FD80700712C60 /* Base */,
			);
			name = MainMenu.xib;
			sourceTree = "<group>";
		};
		D07AF4781836581E00913067 /* Batch.xib */ = {
			isa = PBXVariantGroup;
			children = (
				D07AF4791836581E00913067 /* Base */,
			);
			name = Batch.xib;
			sourceTree = "<group>";
		};
		D07AF47A1836581E00913067 /* OptionPane.xib */ = {
			isa = PBXVariantGroup;
			children = (
				D07AF47B1836581E00913067 /* Base */,
			);
			name = OptionPane.xib;
			sourceTree = "<group>";
		};
		D07AF47C1836581E00913067 /* Preferences.xib */ = {
			isa = PBXVariantGroup;
			children = (
				D07AF47D1836581E00913067 /* Base */,
			);
			name = Preferences.xib;
			sourceTree = "<group>";
		};
		D07AF47E1836581E00913067 /* TidyDocument.xib */ = {
			isa = PBXVariantGroup;
			children = (
				D07AF47F1836581E00913067 /* Base */,
			);
			name = TidyDocument.xib;
			sourceTree = "<group>";
		};
/* End PBXVariantGroup section */

/* Begin XCBuildConfiguration section */
		D016A958182FD80700712C60 /* Debug */ = {
			isa = XCBuildConfiguration;
			buildSettings = {
				ALWAYS_SEARCH_USER_PATHS = NO;
				CLANG_CXX_LANGUAGE_STANDARD = "gnu++0x";
				CLANG_CXX_LIBRARY = "libc++";
				CLANG_ENABLE_OBJC_ARC = NO;
				CLANG_WARN_BOOL_CONVERSION = YES;
				CLANG_WARN_CONSTANT_CONVERSION = YES;
				CLANG_WARN_DIRECT_OBJC_ISA_USAGE = YES_ERROR;
				CLANG_WARN_EMPTY_BODY = YES;
				CLANG_WARN_ENUM_CONVERSION = YES;
				CLANG_WARN_INT_CONVERSION = YES;
				CLANG_WARN_OBJC_ROOT_CLASS = YES_ERROR;
				CLANG_WARN__DUPLICATE_METHOD_MATCH = YES;
				COPY_PHASE_STRIP = NO;
				GCC_C_LANGUAGE_STANDARD = gnu99;
				GCC_DYNAMIC_NO_PIC = NO;
				GCC_ENABLE_OBJC_EXCEPTIONS = YES;
				GCC_OPTIMIZATION_LEVEL = 0;
				GCC_PREPROCESSOR_DEFINITIONS = (
					"DEBUG=1",
					"$(inherited)",
				);
				GCC_SYMBOLS_PRIVATE_EXTERN = NO;
				GCC_WARN_64_TO_32_BIT_CONVERSION = YES;
				GCC_WARN_ABOUT_RETURN_TYPE = YES_ERROR;
				GCC_WARN_UNDECLARED_SELECTOR = YES;
				GCC_WARN_UNINITIALIZED_AUTOS = YES;
				GCC_WARN_UNUSED_FUNCTION = YES;
				GCC_WARN_UNUSED_VARIABLE = YES;
				MACOSX_DEPLOYMENT_TARGET = 10.9;
				ONLY_ACTIVE_ARCH = NO;
				SDKROOT = macosx;
			};
			name = Debug;
		};
		D016A959182FD80700712C60 /* Release */ = {
			isa = XCBuildConfiguration;
			buildSettings = {
				ALWAYS_SEARCH_USER_PATHS = NO;
				CLANG_CXX_LANGUAGE_STANDARD = "gnu++0x";
				CLANG_CXX_LIBRARY = "libc++";
				CLANG_ENABLE_OBJC_ARC = NO;
				CLANG_WARN_BOOL_CONVERSION = YES;
				CLANG_WARN_CONSTANT_CONVERSION = YES;
				CLANG_WARN_DIRECT_OBJC_ISA_USAGE = YES_ERROR;
				CLANG_WARN_EMPTY_BODY = YES;
				CLANG_WARN_ENUM_CONVERSION = YES;
				CLANG_WARN_INT_CONVERSION = YES;
				CLANG_WARN_OBJC_ROOT_CLASS = YES_ERROR;
				CLANG_WARN__DUPLICATE_METHOD_MATCH = YES;
				COPY_PHASE_STRIP = YES;
				DEBUG_INFORMATION_FORMAT = "dwarf-with-dsym";
				ENABLE_NS_ASSERTIONS = NO;
				GCC_C_LANGUAGE_STANDARD = gnu99;
				GCC_ENABLE_OBJC_EXCEPTIONS = YES;
				GCC_OPTIMIZATION_LEVEL = 3;
				GCC_WARN_64_TO_32_BIT_CONVERSION = YES;
				GCC_WARN_ABOUT_RETURN_TYPE = YES_ERROR;
				GCC_WARN_UNDECLARED_SELECTOR = YES;
				GCC_WARN_UNINITIALIZED_AUTOS = YES;
				GCC_WARN_UNUSED_FUNCTION = YES;
				GCC_WARN_UNUSED_VARIABLE = YES;
				MACOSX_DEPLOYMENT_TARGET = 10.9;
				ONLY_ACTIVE_ARCH = NO;
				SDKROOT = macosx;
			};
			name = Release;
		};
		D016A95B182FD80700712C60 /* Debug */ = {
			isa = XCBuildConfiguration;
			buildSettings = {
				ASSETCATALOG_COMPILER_APPICON_NAME = AppIcon;
				CODE_SIGN_ENTITLEMENTS = "Balthisar Tidy/Balthisar Tidy.entitlements";
				CODE_SIGN_IDENTITY = "-";
				COMBINE_HIDPI_IMAGES = YES;
				GCC_PRECOMPILE_PREFIX_HEADER = YES;
				GCC_PREFIX_HEADER = "Balthisar Tidy/Balthisar Tidy-Prefix.pch";
				INFOPLIST_FILE = "Balthisar Tidy/Balthisar Tidy-Info.plist";
				PRODUCT_NAME = "$(TARGET_NAME)";
				WRAPPER_EXTENSION = app;
			};
			name = Debug;
		};
		D016A95C182FD80700712C60 /* Release */ = {
			isa = XCBuildConfiguration;
			buildSettings = {
				ASSETCATALOG_COMPILER_APPICON_NAME = AppIcon;
				CODE_SIGN_ENTITLEMENTS = "Balthisar Tidy/Balthisar Tidy.entitlements";
				CODE_SIGN_IDENTITY = "-";
				COMBINE_HIDPI_IMAGES = YES;
				GCC_PRECOMPILE_PREFIX_HEADER = YES;
				GCC_PREFIX_HEADER = "Balthisar Tidy/Balthisar Tidy-Prefix.pch";
				INFOPLIST_FILE = "Balthisar Tidy/Balthisar Tidy-Info.plist";
				PRODUCT_NAME = "$(TARGET_NAME)";
				WRAPPER_EXTENSION = app;
			};
			name = Release;
		};
/* End XCBuildConfiguration section */

/* Begin XCConfigurationList section */
		D016A921182FD80700712C60 /* Build configuration list for PBXProject "Balthisar Tidy" */ = {
			isa = XCConfigurationList;
			buildConfigurations = (
				D016A958182FD80700712C60 /* Debug */,
				D016A959182FD80700712C60 /* Release */,
			);
			defaultConfigurationIsVisible = 0;
			defaultConfigurationName = Release;
		};
		D016A95A182FD80700712C60 /* Build configuration list for PBXNativeTarget "Balthisar Tidy" */ = {
			isa = XCConfigurationList;
			buildConfigurations = (
				D016A95B182FD80700712C60 /* Debug */,
				D016A95C182FD80700712C60 /* Release */,
			);
			defaultConfigurationIsVisible = 0;
			defaultConfigurationName = Release;
		};
/* End XCConfigurationList section */
	};
	rootObject = D016A91E182FD80700712C60 /* Project object */;
}
